{
  "name": "deps",
  "version": "1.0.0",
  "lockfileVersion": 3,
  "requires": true,
  "packages": {
    "": {
      "name": "deps",
      "version": "1.0.0",
      "license": "ISC",
      "dependencies": {
        "@angular/animations": "@neverendingsupport/angular@8.2.15-animations",
        "@angular/common": "@neverendingsupport/angular@8.2.15-common",
        "@angular/compiler": "@neverendingsupport/angular@8.2.15-compiler",
        "@angular/compiler-cli": "@neverendingsupport/angular@8.2.15-compiler-cli",
        "@angular/core": "@neverendingsupport/angular@8.2.15-core",
        "@angular/forms": "@neverendingsupport/angular@8.2.15-forms",
        "@angular/http": "@neverendingsupport/angular@8.2.15-http",
        "@angular/platform-browser": "@neverendingsupport/angular@8.2.15-platform-browser",
        "@angular/platform-browser-dynamic": "@neverendingsupport/angular@8.2.15-platform-browser-dynamic",
        "@angular/platform-server": "@neverendingsupport/angular@8.2.15-platform-server",
        "@angular/platform-webworker": "@neverendingsupport/angular@8.2.15-platform-webworker",
        "@angular/platform-webworker-dynamic": "@neverendingsupport/angular@8.2.15-platform-webworker-dynamic",
        "@angular/router": "@neverendingsupport/angular@8.2.15-router",
        "@angular/service-worker": "@neverendingsupport/angular@8.2.15-service-worker",
        "@angular/upgrade": "@neverendingsupport/angular@8.2.15-upgrade",
        "@angular/zone.js": "@neverendingsupport/angular@8.2.15-zone.js"
      }
    },
    "@neverendingsupport/angular@8.2.15-animations": {},
    "@neverendingsupport/angular@8.2.15-common": {},
    "@neverendingsupport/angular@8.2.15-compiler": {},
    "@neverendingsupport/angular@8.2.15-compiler-cli": {},
    "@neverendingsupport/angular@8.2.15-core": {},
    "@neverendingsupport/angular@8.2.15-forms": {},
    "@neverendingsupport/angular@8.2.15-http": {},
    "@neverendingsupport/angular@8.2.15-platform-browser": {},
    "@neverendingsupport/angular@8.2.15-platform-browser-dynamic": {},
    "@neverendingsupport/angular@8.2.15-platform-server": {},
    "@neverendingsupport/angular@8.2.15-platform-webworker": {},
    "@neverendingsupport/angular@8.2.15-platform-webworker-dynamic": {},
    "@neverendingsupport/angular@8.2.15-router": {},
    "@neverendingsupport/angular@8.2.15-service-worker": {},
    "@neverendingsupport/angular@8.2.15-upgrade": {},
    "@neverendingsupport/angular@8.2.15-zone.js": {},
    "node_modules/@angular/animations": {
      "resolved": "@neverendingsupport/angular@8.2.15-animations",
      "link": true
    },
    "node_modules/@angular/common": {
      "resolved": "@neverendingsupport/angular@8.2.15-common",
      "link": true
    },
    "node_modules/@angular/compiler": {
      "resolved": "@neverendingsupport/angular@8.2.15-compiler",
      "link": true
    },
    "node_modules/@angular/compiler-cli": {
      "resolved": "@neverendingsupport/angular@8.2.15-compiler-cli",
      "link": true
    },
    "node_modules/@angular/core": {
      "resolved": "@neverendingsupport/angular@8.2.15-core",
      "link": true
    },
    "node_modules/@angular/forms": {
      "resolved": "@neverendingsupport/angular@8.2.15-forms",
      "link": true
    },
    "node_modules/@angular/http": {
      "resolved": "@neverendingsupport/angular@8.2.15-http",
      "link": true
    },
    "node_modules/@angular/platform-browser": {
      "resolved": "@neverendingsupport/angular@8.2.15-platform-browser",
      "link": true
    },
    "node_modules/@angular/platform-browser-dynamic": {
      "resolved": "@neverendingsupport/angular@8.2.15-platform-browser-dynamic",
      "link": true
    },
    "node_modules/@angular/platform-server": {
      "resolved": "@neverendingsupport/angular@8.2.15-platform-server",
      "link": true
    },
    "node_modules/@angular/platform-webworker": {
      "resolved": "@neverendingsupport/angular@8.2.15-platform-webworker",
      "link": true
    },
    "node_modules/@angular/platform-webworker-dynamic": {
      "resolved": "@neverendingsupport/angular@8.2.15-platform-webworker-dynamic",
      "link": true
    },
    "node_modules/@angular/router": {
      "resolved": "@neverendingsupport/angular@8.2.15-router",
      "link": true
    },
    "node_modules/@angular/service-worker": {
      "resolved": "@neverendingsupport/angular@8.2.15-service-worker",
      "link": true
    },
    "node_modules/@angular/upgrade": {
      "resolved": "@neverendingsupport/angular@8.2.15-upgrade",
      "link": true
    },
    "node_modules/@angular/zone.js": {
      "resolved": "@neverendingsupport/angular@8.2.15-zone.js",
      "link": true
    }
  }
}
